// !$*UTF8*$!
{
	archiveVersion = 1;
	classes = {
	};
	objectVersion = 56;
	objects = {

/* Begin PBXBuildFile section */
		832CE31E2AE3F16B004E238B /* ExpenseTrackerApp.swift in Sources */ = {isa = PBXBuildFile; fileRef = 832CE31D2AE3F16B004E238B /* ExpenseTrackerApp.swift */; };
		832CE3202AE3F16B004E238B /* ContentView.swift in Sources */ = {isa = PBXBuildFile; fileRef = 832CE31F2AE3F16B004E238B /* ContentView.swift */; };
		832CE3222AE3F16C004E238B /* Assets.xcassets in Resources */ = {isa = PBXBuildFile; fileRef = 832CE3212AE3F16C004E238B /* Assets.xcassets */; };
		832CE3252AE3F16C004E238B /* Preview Assets.xcassets in Resources */ = {isa = PBXBuildFile; fileRef = 832CE3242AE3F16C004E238B /* Preview Assets.xcassets */; };
		832CE32F2AE3F16C004E238B /* ExpenseTrackerTests.swift in Sources */ = {isa = PBXBuildFile; fileRef = 832CE32E2AE3F16C004E238B /* ExpenseTrackerTests.swift */; };
		832CE3392AE3F16C004E238B /* ExpenseTrackerUITests.swift in Sources */ = {isa = PBXBuildFile; fileRef = 832CE3382AE3F16C004E238B /* ExpenseTrackerUITests.swift */; };
		832CE33B2AE3F16C004E238B /* ExpenseTrackerUITestsLaunchTests.swift in Sources */ = {isa = PBXBuildFile; fileRef = 832CE33A2AE3F16C004E238B /* ExpenseTrackerUITestsLaunchTests.swift */; };
		832CE3492AE3F332004E238B /* SwiftUIFontIcon in Frameworks */ = {isa = PBXBuildFile; productRef = 832CE3482AE3F332004E238B /* SwiftUIFontIcon */; };
		832CE34B2AE3F377004E238B /* Extensions.swift in Sources */ = {isa = PBXBuildFile; fileRef = 832CE34A2AE3F377004E238B /* Extensions.swift */; };
		832CE34D2AE3F434004E238B /* TransactionModel.swift in Sources */ = {isa = PBXBuildFile; fileRef = 832CE34C2AE3F434004E238B /* TransactionModel.swift */; };
		832CE34F2AE3F475004E238B /* PreviewData.swift in Sources */ = {isa = PBXBuildFile; fileRef = 832CE34E2AE3F475004E238B /* PreviewData.swift */; };
		832CE3512AE3F4B3004E238B /* TransactionRow.swift in Sources */ = {isa = PBXBuildFile; fileRef = 832CE3502AE3F4B3004E238B /* TransactionRow.swift */; };
		832CE3532AE3F52E004E238B /* TransactionListViewModel.swift in Sources */ = {isa = PBXBuildFile; fileRef = 832CE3522AE3F52E004E238B /* TransactionListViewModel.swift */; };
		832CE3552AE4226C004E238B /* RecentTransactionList.swift in Sources */ = {isa = PBXBuildFile; fileRef = 832CE3542AE4226C004E238B /* RecentTransactionList.swift */; };
		832CE3572AE4B5C7004E238B /* TransactionList.swift in Sources */ = {isa = PBXBuildFile; fileRef = 832CE3562AE4B5C7004E238B /* TransactionList.swift */; };
		832CE35A2AE4BE25004E238B /* Collections in Frameworks */ = {isa = PBXBuildFile; productRef = 832CE3592AE4BE25004E238B /* Collections */; };
		832CE35D2AE4BF94004E238B /* SwiftUICharts in Frameworks */ = {isa = PBXBuildFile; productRef = 832CE35C2AE4BF94004E238B /* SwiftUICharts */; };
/* End PBXBuildFile section */

/* Begin PBXContainerItemProxy section */
		832CE32B2AE3F16C004E238B /* PBXContainerItemProxy */ = {
			isa = PBXContainerItemProxy;
			containerPortal = 832CE3122AE3F16B004E238B /* Project object */;
			proxyType = 1;
			remoteGlobalIDString = 832CE3192AE3F16B004E238B;
			remoteInfo = ExpenseTracker;
		};
		832CE3352AE3F16C004E238B /* PBXContainerItemProxy */ = {
			isa = PBXContainerItemProxy;
			containerPortal = 832CE3122AE3F16B004E238B /* Project object */;
			proxyType = 1;
			remoteGlobalIDString = 832CE3192AE3F16B004E238B;
			remoteInfo = ExpenseTracker;
		};
/* End PBXContainerItemProxy section */

/* Begin PBXFileReference section */
		832CE31A2AE3F16B004E238B /* ExpenseTracker.app */ = {isa = PBXFileReference; explicitFileType = wrapper.application; includeInIndex = 0; path = ExpenseTracker.app; sourceTree = BUILT_PRODUCTS_DIR; };
		832CE31D2AE3F16B004E238B /* ExpenseTrackerApp.swift */ = {isa = PBXFileReference; lastKnownFileType = sourcecode.swift; path = ExpenseTrackerApp.swift; sourceTree = "<group>"; };
		832CE31F2AE3F16B004E238B /* ContentView.swift */ = {isa = PBXFileReference; lastKnownFileType = sourcecode.swift; path = ContentView.swift; sourceTree = "<group>"; };
		832CE3212AE3F16C004E238B /* Assets.xcassets */ = {isa = PBXFileReference; lastKnownFileType = folder.assetcatalog; path = Assets.xcassets; sourceTree = "<group>"; };
		832CE3242AE3F16C004E238B /* Preview Assets.xcassets */ = {isa = PBXFileReference; lastKnownFileType = folder.assetcatalog; path = "Preview Assets.xcassets"; sourceTree = "<group>"; };
		832CE32A2AE3F16C004E238B /* ExpenseTrackerTests.xctest */ = {isa = PBXFileReference; explicitFileType = wrapper.cfbundle; includeInIndex = 0; path = ExpenseTrackerTests.xctest; sourceTree = BUILT_PRODUCTS_DIR; };
		832CE32E2AE3F16C004E238B /* ExpenseTrackerTests.swift */ = {isa = PBXFileReference; lastKnownFileType = sourcecode.swift; path = ExpenseTrackerTests.swift; sourceTree = "<group>"; };
		832CE3342AE3F16C004E238B /* ExpenseTrackerUITests.xctest */ = {isa = PBXFileReference; explicitFileType = wrapper.cfbundle; includeInIndex = 0; path = ExpenseTrackerUITests.xctest; sourceTree = BUILT_PRODUCTS_DIR; };
		832CE3382AE3F16C004E238B /* ExpenseTrackerUITests.swift */ = {isa = PBXFileReference; lastKnownFileType = sourcecode.swift; path = ExpenseTrackerUITests.swift; sourceTree = "<group>"; };
		832CE33A2AE3F16C004E238B /* ExpenseTrackerUITestsLaunchTests.swift */ = {isa = PBXFileReference; lastKnownFileType = sourcecode.swift; path = ExpenseTrackerUITestsLaunchTests.swift; sourceTree = "<group>"; };
		832CE34A2AE3F377004E238B /* Extensions.swift */ = {isa = PBXFileReference; lastKnownFileType = sourcecode.swift; path = Extensions.swift; sourceTree = "<group>"; };
		832CE34C2AE3F434004E238B /* TransactionModel.swift */ = {isa = PBXFileReference; lastKnownFileType = sourcecode.swift; path = TransactionModel.swift; sourceTree = "<group>"; };
		832CE34E2AE3F475004E238B /* PreviewData.swift */ = {isa = PBXFileReference; lastKnownFileType = sourcecode.swift; path = PreviewData.swift; sourceTree = "<group>"; };
		832CE3502AE3F4B3004E238B /* TransactionRow.swift */ = {isa = PBXFileReference; lastKnownFileType = sourcecode.swift; path = TransactionRow.swift; sourceTree = "<group>"; };
		832CE3522AE3F52E004E238B /* TransactionListViewModel.swift */ = {isa = PBXFileReference; lastKnownFileType = sourcecode.swift; path = TransactionListViewModel.swift; sourceTree = "<group>"; };
		832CE3542AE4226C004E238B /* RecentTransactionList.swift */ = {isa = PBXFileReference; lastKnownFileType = sourcecode.swift; path = RecentTransactionList.swift; sourceTree = "<group>"; };
		832CE3562AE4B5C7004E238B /* TransactionList.swift */ = {isa = PBXFileReference; lastKnownFileType = sourcecode.swift; path = TransactionList.swift; sourceTree = "<group>"; };
/* End PBXFileReference section */

/* Begin PBXFrameworksBuildPhase section */
		832CE3172AE3F16B004E238B /* Frameworks */ = {
			isa = PBXFrameworksBuildPhase;
			buildActionMask = 2147483647;
			files = (
				832CE35D2AE4BF94004E238B /* SwiftUICharts in Frameworks */,
				832CE35A2AE4BE25004E238B /* Collections in Frameworks */,
				832CE3492AE3F332004E238B /* SwiftUIFontIcon in Frameworks */,
			);
			runOnlyForDeploymentPostprocessing = 0;
		};
		832CE3272AE3F16C004E238B /* Frameworks */ = {
			isa = PBXFrameworksBuildPhase;
			buildActionMask = 2147483647;
			files = (
			);
			runOnlyForDeploymentPostprocessing = 0;
		};
		832CE3312AE3F16C004E238B /* Frameworks */ = {
			isa = PBXFrameworksBuildPhase;
			buildActionMask = 2147483647;
			files = (
			);
			runOnlyForDeploymentPostprocessing = 0;
		};
/* End PBXFrameworksBuildPhase section */

/* Begin PBXGroup section */
		832CE3112AE3F16B004E238B = {
			isa = PBXGroup;
			children = (
				832CE31C2AE3F16B004E238B /* ExpenseTracker */,
				832CE32D2AE3F16C004E238B /* ExpenseTrackerTests */,
				832CE3372AE3F16C004E238B /* ExpenseTrackerUITests */,
				832CE31B2AE3F16B004E238B /* Products */,
			);
			sourceTree = "<group>";
		};
		832CE31B2AE3F16B004E238B /* Products */ = {
			isa = PBXGroup;
			children = (
				832CE31A2AE3F16B004E238B /* ExpenseTracker.app */,
				832CE32A2AE3F16C004E238B /* ExpenseTrackerTests.xctest */,
				832CE3342AE3F16C004E238B /* ExpenseTrackerUITests.xctest */,
			);
			name = Products;
			sourceTree = "<group>";
		};
		832CE31C2AE3F16B004E238B /* ExpenseTracker */ = {
			isa = PBXGroup;
			children = (
				832CE31D2AE3F16B004E238B /* ExpenseTrackerApp.swift */,
				832CE31F2AE3F16B004E238B /* ContentView.swift */,
				832CE3542AE4226C004E238B /* RecentTransactionList.swift */,
				832CE3562AE4B5C7004E238B /* TransactionList.swift */,
				832CE3502AE3F4B3004E238B /* TransactionRow.swift */,
				832CE3522AE3F52E004E238B /* TransactionListViewModel.swift */,
				832CE34C2AE3F434004E238B /* TransactionModel.swift */,
				832CE34A2AE3F377004E238B /* Extensions.swift */,
				832CE3212AE3F16C004E238B /* Assets.xcassets */,
				832CE3232AE3F16C004E238B /* Preview Content */,
			);
			path = ExpenseTracker;
			sourceTree = "<group>";
		};
		832CE3232AE3F16C004E238B /* Preview Content */ = {
			isa = PBXGroup;
			children = (
				832CE3242AE3F16C004E238B /* Preview Assets.xcassets */,
				832CE34E2AE3F475004E238B /* PreviewData.swift */,
			);
			path = "Preview Content";
			sourceTree = "<group>";
		};
		832CE32D2AE3F16C004E238B /* ExpenseTrackerTests */ = {
			isa = PBXGroup;
			children = (
				832CE32E2AE3F16C004E238B /* ExpenseTrackerTests.swift */,
			);
			path = ExpenseTrackerTests;
			sourceTree = "<group>";
		};
		832CE3372AE3F16C004E238B /* ExpenseTrackerUITests */ = {
			isa = PBXGroup;
			children = (
				832CE3382AE3F16C004E238B /* ExpenseTrackerUITests.swift */,
				832CE33A2AE3F16C004E238B /* ExpenseTrackerUITestsLaunchTests.swift */,
			);
			path = ExpenseTrackerUITests;
			sourceTree = "<group>";
		};
/* End PBXGroup section */

/* Begin PBXNativeTarget section */
		832CE3192AE3F16B004E238B /* ExpenseTracker */ = {
			isa = PBXNativeTarget;
			buildConfigurationList = 832CE33E2AE3F16C004E238B /* Build configuration list for PBXNativeTarget "ExpenseTracker" */;
			buildPhases = (
				832CE3162AE3F16B004E238B /* Sources */,
				832CE3172AE3F16B004E238B /* Frameworks */,
				832CE3182AE3F16B004E238B /* Resources */,
			);
			buildRules = (
			);
			dependencies = (
			);
			name = ExpenseTracker;
			packageProductDependencies = (
				832CE3482AE3F332004E238B /* SwiftUIFontIcon */,
				832CE3592AE4BE25004E238B /* Collections */,
				832CE35C2AE4BF94004E238B /* SwiftUICharts */,
			);
			productName = ExpenseTracker;
			productReference = 832CE31A2AE3F16B004E238B /* ExpenseTracker.app */;
			productType = "com.apple.product-type.application";
		};
		832CE3292AE3F16C004E238B /* ExpenseTrackerTests */ = {
			isa = PBXNativeTarget;
			buildConfigurationList = 832CE3412AE3F16C004E238B /* Build configuration list for PBXNativeTarget "ExpenseTrackerTests" */;
			buildPhases = (
				832CE3262AE3F16C004E238B /* Sources */,
				832CE3272AE3F16C004E238B /* Frameworks */,
				832CE3282AE3F16C004E238B /* Resources */,
			);
			buildRules = (
			);
			dependencies = (
				832CE32C2AE3F16C004E238B /* PBXTargetDependency */,
			);
			name = ExpenseTrackerTests;
			productName = ExpenseTrackerTests;
			productReference = 832CE32A2AE3F16C004E238B /* ExpenseTrackerTests.xctest */;
			productType = "com.apple.product-type.bundle.unit-test";
		};
		832CE3332AE3F16C004E238B /* ExpenseTrackerUITests */ = {
			isa = PBXNativeTarget;
			buildConfigurationList = 832CE3442AE3F16C004E238B /* Build configuration list for PBXNativeTarget "ExpenseTrackerUITests" */;
			buildPhases = (
				832CE3302AE3F16C004E238B /* Sources */,
				832CE3312AE3F16C004E238B /* Frameworks */,
				832CE3322AE3F16C004E238B /* Resources */,
			);
			buildRules = (
			);
			dependencies = (
				832CE3362AE3F16C004E238B /* PBXTargetDependency */,
			);
			name = ExpenseTrackerUITests;
			productName = ExpenseTrackerUITests;
			productReference = 832CE3342AE3F16C004E238B /* ExpenseTrackerUITests.xctest */;
			productType = "com.apple.product-type.bundle.ui-testing";
		};
/* End PBXNativeTarget section */

/* Begin PBXProject section */
		832CE3122AE3F16B004E238B /* Project object */ = {
			isa = PBXProject;
			attributes = {
				BuildIndependentTargetsInParallel = 1;
				LastSwiftUpdateCheck = 1430;
				LastUpgradeCheck = 1430;
				TargetAttributes = {
					832CE3192AE3F16B004E238B = {
						CreatedOnToolsVersion = 14.3.1;
					};
					832CE3292AE3F16C004E238B = {
						CreatedOnToolsVersion = 14.3.1;
						TestTargetID = 832CE3192AE3F16B004E238B;
					};
					832CE3332AE3F16C004E238B = {
						CreatedOnToolsVersion = 14.3.1;
						TestTargetID = 832CE3192AE3F16B004E238B;
					};
				};
			};
			buildConfigurationList = 832CE3152AE3F16B004E238B /* Build configuration list for PBXProject "ExpenseTracker" */;
			compatibilityVersion = "Xcode 14.0";
			developmentRegion = en;
			hasScannedForEncodings = 0;
			knownRegions = (
				en,
				Base,
			);
			mainGroup = 832CE3112AE3F16B004E238B;
			packageReferences = (
				832CE3472AE3F332004E238B /* XCRemoteSwiftPackageReference "SwiftUIFontIcon" */,
				832CE3582AE4BE25004E238B /* XCRemoteSwiftPackageReference "swift-collections" */,
				832CE35B2AE4BF94004E238B /* XCRemoteSwiftPackageReference "ChartView" */,
			);
			productRefGroup = 832CE31B2AE3F16B004E238B /* Products */;
			projectDirPath = "";
			projectRoot = "";
			targets = (
				832CE3192AE3F16B004E238B /* ExpenseTracker */,
				832CE3292AE3F16C004E238B /* ExpenseTrackerTests */,
				832CE3332AE3F16C004E238B /* ExpenseTrackerUITests */,
			);
		};
/* End PBXProject section */

/* Begin PBXResourcesBuildPhase section */
		832CE3182AE3F16B004E238B /* Resources */ = {
			isa = PBXResourcesBuildPhase;
			buildActionMask = 2147483647;
			files = (
				832CE3252AE3F16C004E238B /* Preview Assets.xcassets in Resources */,
				832CE3222AE3F16C004E238B /* Assets.xcassets in Resources */,
			);
			runOnlyForDeploymentPostprocessing = 0;
		};
		832CE3282AE3F16C004E238B /* Resources */ = {
			isa = PBXResourcesBuildPhase;
			buildActionMask = 2147483647;
			files = (
			);
			runOnlyForDeploymentPostprocessing = 0;
		};
		832CE3322AE3F16C004E238B /* Resources */ = {
			isa = PBXResourcesBuildPhase;
			buildActionMask = 2147483647;
			files = (
			);
			runOnlyForDeploymentPostprocessing = 0;
		};
/* End PBXResourcesBuildPhase section */

/* Begin PBXSourcesBuildPhase section */
		832CE3162AE3F16B004E238B /* Sources */ = {
			isa = PBXSourcesBuildPhase;
			buildActionMask = 2147483647;
			files = (
				832CE34F2AE3F475004E238B /* PreviewData.swift in Sources */,
				832CE3572AE4B5C7004E238B /* TransactionList.swift in Sources */,
				832CE3552AE4226C004E238B /* RecentTransactionList.swift in Sources */,
				832CE34D2AE3F434004E238B /* TransactionModel.swift in Sources */,
				832CE3202AE3F16B004E238B /* ContentView.swift in Sources */,
				832CE3512AE3F4B3004E238B /* TransactionRow.swift in Sources */,
				832CE34B2AE3F377004E238B /* Extensions.swift in Sources */,
				832CE3532AE3F52E004E238B /* TransactionListViewModel.swift in Sources */,
				832CE31E2AE3F16B004E238B /* ExpenseTrackerApp.swift in Sources */,
			);
			runOnlyForDeploymentPostprocessing = 0;
		};
		832CE3262AE3F16C004E238B /* Sources */ = {
			isa = PBXSourcesBuildPhase;
			buildActionMask = 2147483647;
			files = (
				832CE32F2AE3F16C004E238B /* ExpenseTrackerTests.swift in Sources */,
			);
			runOnlyForDeploymentPostprocessing = 0;
		};
		832CE3302AE3F16C004E238B /* Sources */ = {
			isa = PBXSourcesBuildPhase;
			buildActionMask = 2147483647;
			files = (
				832CE33B2AE3F16C004E238B /* ExpenseTrackerUITestsLaunchTests.swift in Sources */,
				832CE3392AE3F16C004E238B /* ExpenseTrackerUITests.swift in Sources */,
			);
			runOnlyForDeploymentPostprocessing = 0;
		};
/* End PBXSourcesBuildPhase section */

/* Begin PBXTargetDependency section */
		832CE32C2AE3F16C004E238B /* PBXTargetDependency */ = {
			isa = PBXTargetDependency;
			target = 832CE3192AE3F16B004E238B /* ExpenseTracker */;
			targetProxy = 832CE32B2AE3F16C004E238B /* PBXContainerItemProxy */;
		};
		832CE3362AE3F16C004E238B /* PBXTargetDependency */ = {
			isa = PBXTargetDependency;
			target = 832CE3192AE3F16B004E238B /* ExpenseTracker */;
			targetProxy = 832CE3352AE3F16C004E238B /* PBXContainerItemProxy */;
		};
/* End PBXTargetDependency section */

/* Begin XCBuildConfiguration section */
		832CE33C2AE3F16C004E238B /* Debug */ = {
			isa = XCBuildConfiguration;
			buildSettings = {
				ALWAYS_SEARCH_USER_PATHS = NO;
				CLANG_ANALYZER_NONNULL = YES;
				CLANG_ANALYZER_NUMBER_OBJECT_CONVERSION = YES_AGGRESSIVE;
				CLANG_CXX_LANGUAGE_STANDARD = "gnu++20";
				CLANG_ENABLE_MODULES = YES;
				CLANG_ENABLE_OBJC_ARC = YES;
				CLANG_ENABLE_OBJC_WEAK = YES;
				CLANG_WARN_BLOCK_CAPTURE_AUTORELEASING = YES;
				CLANG_WARN_BOOL_CONVERSION = YES;
				CLANG_WARN_COMMA = YES;
				CLANG_WARN_CONSTANT_CONVERSION = YES;
				CLANG_WARN_DEPRECATED_OBJC_IMPLEMENTATIONS = YES;
				CLANG_WARN_DIRECT_OBJC_ISA_USAGE = YES_ERROR;
				CLANG_WARN_DOCUMENTATION_COMMENTS = YES;
				CLANG_WARN_EMPTY_BODY = YES;
				CLANG_WARN_ENUM_CONVERSION = YES;
				CLANG_WARN_INFINITE_RECURSION = YES;
				CLANG_WARN_INT_CONVERSION = YES;
				CLANG_WARN_NON_LITERAL_NULL_CONVERSION = YES;
				CLANG_WARN_OBJC_IMPLICIT_RETAIN_SELF = YES;
				CLANG_WARN_OBJC_LITERAL_CONVERSION = YES;
				CLANG_WARN_OBJC_ROOT_CLASS = YES_ERROR;
				CLANG_WARN_QUOTED_INCLUDE_IN_FRAMEWORK_HEADER = YES;
				CLANG_WARN_RANGE_LOOP_ANALYSIS = YES;
				CLANG_WARN_STRICT_PROTOTYPES = YES;
				CLANG_WARN_SUSPICIOUS_MOVE = YES;
				CLANG_WARN_UNGUARDED_AVAILABILITY = YES_AGGRESSIVE;
				CLANG_WARN_UNREACHABLE_CODE = YES;
				CLANG_WARN__DUPLICATE_METHOD_MATCH = YES;
				COPY_PHASE_STRIP = NO;
				DEBUG_INFORMATION_FORMAT = dwarf;
				ENABLE_STRICT_OBJC_MSGSEND = YES;
				ENABLE_TESTABILITY = YES;
				GCC_C_LANGUAGE_STANDARD = gnu11;
				GCC_DYNAMIC_NO_PIC = NO;
				GCC_NO_COMMON_BLOCKS = YES;
				GCC_OPTIMIZATION_LEVEL = 0;
				GCC_PREPROCESSOR_DEFINITIONS = (
					"DEBUG=1",
					"$(inherited)",
				);
				GCC_WARN_64_TO_32_BIT_CONVERSION = YES;
				GCC_WARN_ABOUT_RETURN_TYPE = YES_ERROR;
				GCC_WARN_UNDECLARED_SELECTOR = YES;
				GCC_WARN_UNINITIALIZED_AUTOS = YES_AGGRESSIVE;
				GCC_WARN_UNUSED_FUNCTION = YES;
				GCC_WARN_UNUSED_VARIABLE = YES;
				IPHONEOS_DEPLOYMENT_TARGET = 16.4;
				MTL_ENABLE_DEBUG_INFO = INCLUDE_SOURCE;
				MTL_FAST_MATH = YES;
				ONLY_ACTIVE_ARCH = YES;
				SDKROOT = iphoneos;
				SWIFT_ACTIVE_COMPILATION_CONDITIONS = DEBUG;
				SWIFT_OPTIMIZATION_LEVEL = "-Onone";
			};
			name = Debug;
		};
		832CE33D2AE3F16C004E238B /* Release */ = {
			isa = XCBuildConfiguration;
			buildSettings = {
				ALWAYS_SEARCH_USER_PATHS = NO;
				CLANG_ANALYZER_NONNULL = YES;
				CLANG_ANALYZER_NUMBER_OBJECT_CONVERSION = YES_AGGRESSIVE;
				CLANG_CXX_LANGUAGE_STANDARD = "gnu++20";
				CLANG_ENABLE_MODULES = YES;
				CLANG_ENABLE_OBJC_ARC = YES;
				CLANG_ENABLE_OBJC_WEAK = YES;
				CLANG_WARN_BLOCK_CAPTURE_AUTORELEASING = YES;
				CLANG_WARN_BOOL_CONVERSION = YES;
				CLANG_WARN_COMMA = YES;
				CLANG_WARN_CONSTANT_CONVERSION = YES;
				CLANG_WARN_DEPRECATED_OBJC_IMPLEMENTATIONS = YES;
				CLANG_WARN_DIRECT_OBJC_ISA_USAGE = YES_ERROR;
				CLANG_WARN_DOCUMENTATION_COMMENTS = YES;
				CLANG_WARN_EMPTY_BODY = YES;
				CLANG_WARN_ENUM_CONVERSION = YES;
				CLANG_WARN_INFINITE_RECURSION = YES;
				CLANG_WARN_INT_CONVERSION = YES;
				CLANG_WARN_NON_LITERAL_NULL_CONVERSION = YES;
				CLANG_WARN_OBJC_IMPLICIT_RETAIN_SELF = YES;
				CLANG_WARN_OBJC_LITERAL_CONVERSION = YES;
				CLANG_WARN_OBJC_ROOT_CLASS = YES_ERROR;
				CLANG_WARN_QUOTED_INCLUDE_IN_FRAMEWORK_HEADER = YES;
				CLANG_WARN_RANGE_LOOP_ANALYSIS = YES;
				CLANG_WARN_STRICT_PROTOTYPES = YES;
				CLANG_WARN_SUSPICIOUS_MOVE = YES;
				CLANG_WARN_UNGUARDED_AVAILABILITY = YES_AGGRESSIVE;
				CLANG_WARN_UNREACHABLE_CODE = YES;
				CLANG_WARN__DUPLICATE_METHOD_MATCH = YES;
				COPY_PHASE_STRIP = NO;
				DEBUG_INFORMATION_FORMAT = "dwarf-with-dsym";
				ENABLE_NS_ASSERTIONS = NO;
				ENABLE_STRICT_OBJC_MSGSEND = YES;
				GCC_C_LANGUAGE_STANDARD = gnu11;
				GCC_NO_COMMON_BLOCKS = YES;
				GCC_WARN_64_TO_32_BIT_CONVERSION = YES;
				GCC_WARN_ABOUT_RETURN_TYPE = YES_ERROR;
				GCC_WARN_UNDECLARED_SELECTOR = YES;
				GCC_WARN_UNINITIALIZED_AUTOS = YES_AGGRESSIVE;
				GCC_WARN_UNUSED_FUNCTION = YES;
				GCC_WARN_UNUSED_VARIABLE = YES;
				IPHONEOS_DEPLOYMENT_TARGET = 16.4;
				MTL_ENABLE_DEBUG_INFO = NO;
				MTL_FAST_MATH = YES;
				SDKROOT = iphoneos;
				SWIFT_COMPILATION_MODE = wholemodule;
				SWIFT_OPTIMIZATION_LEVEL = "-O";
				VALIDATE_PRODUCT = YES;
			};
			name = Release;
		};
		832CE33F2AE3F16C004E238B /* Debug */ = {
			isa = XCBuildConfiguration;
			buildSettings = {
				ASSETCATALOG_COMPILER_APPICON_NAME = AppIcon;
				ASSETCATALOG_COMPILER_GLOBAL_ACCENT_COLOR_NAME = AccentColor;
				CODE_SIGN_STYLE = Automatic;
				CURRENT_PROJECT_VERSION = 1;
				DEVELOPMENT_ASSET_PATHS = "\"ExpenseTracker/Preview Content\"";
				ENABLE_PREVIEWS = YES;
				GENERATE_INFOPLIST_FILE = YES;
				INFOPLIST_KEY_UIApplicationSceneManifest_Generation = YES;
				INFOPLIST_KEY_UIApplicationSupportsIndirectInputEvents = YES;
				INFOPLIST_KEY_UILaunchScreen_Generation = YES;
				INFOPLIST_KEY_UISupportedInterfaceOrientations_iPad = "UIInterfaceOrientationPortrait UIInterfaceOrientationPortraitUpsideDown UIInterfaceOrientationLandscapeLeft UIInterfaceOrientationLandscapeRight";
				INFOPLIST_KEY_UISupportedInterfaceOrientations_iPhone = "UIInterfaceOrientationPortrait UIInterfaceOrientationLandscapeLeft UIInterfaceOrientationLandscapeRight";
				LD_RUNPATH_SEARCH_PATHS = (
					"$(inherited)",
					"@executable_path/Frameworks",
				);
				MARKETING_VERSION = 1.0;
				PRODUCT_BUNDLE_IDENTIFIER = amaninajwa.ExpenseTracker;
				PRODUCT_NAME = "$(TARGET_NAME)";
				SWIFT_EMIT_LOC_STRINGS = YES;
				SWIFT_VERSION = 5.0;
				TARGETED_DEVICE_FAMILY = "1,2";
			};
			name = Debug;
		};
		832CE3402AE3F16C004E238B /* Release */ = {
			isa = XCBuildConfiguration;
			buildSettings = {
				ASSETCATALOG_COMPILER_APPICON_NAME = AppIcon;
				ASSETCATALOG_COMPILER_GLOBAL_ACCENT_COLOR_NAME = AccentColor;
				CODE_SIGN_STYLE = Automatic;
				CURRENT_PROJECT_VERSION = 1;
				DEVELOPMENT_ASSET_PATHS = "\"ExpenseTracker/Preview Content\"";
				ENABLE_PREVIEWS = YES;
				GENERATE_INFOPLIST_FILE = YES;
				INFOPLIST_KEY_UIApplicationSceneManifest_Generation = YES;
				INFOPLIST_KEY_UIApplicationSupportsIndirectInputEvents = YES;
				INFOPLIST_KEY_UILaunchScreen_Generation = YES;
				INFOPLIST_KEY_UISupportedInterfaceOrientations_iPad = "UIInterfaceOrientationPortrait UIInterfaceOrientationPortraitUpsideDown UIInterfaceOrientationLandscapeLeft UIInterfaceOrientationLandscapeRight";
				INFOPLIST_KEY_UISupportedInterfaceOrientations_iPhone = "UIInterfaceOrientationPortrait UIInterfaceOrientationLandscapeLeft UIInterfaceOrientationLandscapeRight";
				LD_RUNPATH_SEARCH_PATHS = (
					"$(inherited)",
					"@executable_path/Frameworks",
				);
				MARKETING_VERSION = 1.0;
				PRODUCT_BUNDLE_IDENTIFIER = amaninajwa.ExpenseTracker;
				PRODUCT_NAME = "$(TARGET_NAME)";
				SWIFT_EMIT_LOC_STRINGS = YES;
				SWIFT_VERSION = 5.0;
				TARGETED_DEVICE_FAMILY = "1,2";
			};
			name = Release;
		};
		832CE3422AE3F16C004E238B /* Debug */ = {
			isa = XCBuildConfiguration;
			buildSettings = {
				ALWAYS_EMBED_SWIFT_STANDARD_LIBRARIES = YES;
				BUNDLE_LOADER = "$(TEST_HOST)";
				CODE_SIGN_STYLE = Automatic;
				CURRENT_PROJECT_VERSION = 1;
				GENERATE_INFOPLIST_FILE = YES;
				IPHONEOS_DEPLOYMENT_TARGET = 16.4;
				MARKETING_VERSION = 1.0;
				PRODUCT_BUNDLE_IDENTIFIER = amaninajwa.ExpenseTrackerTests;
				PRODUCT_NAME = "$(TARGET_NAME)";
				SWIFT_EMIT_LOC_STRINGS = NO;
				SWIFT_VERSION = 5.0;
				TARGETED_DEVICE_FAMILY = "1,2";
				TEST_HOST = "$(BUILT_PRODUCTS_DIR)/ExpenseTracker.app/$(BUNDLE_EXECUTABLE_FOLDER_PATH)/ExpenseTracker";
			};
			name = Debug;
		};
		832CE3432AE3F16C004E238B /* Release */ = {
			isa = XCBuildConfiguration;
			buildSettings = {
				ALWAYS_EMBED_SWIFT_STANDARD_LIBRARIES = YES;
				BUNDLE_LOADER = "$(TEST_HOST)";
				CODE_SIGN_STYLE = Automatic;
				CURRENT_PROJECT_VERSION = 1;
				GENERATE_INFOPLIST_FILE = YES;
				IPHONEOS_DEPLOYMENT_TARGET = 16.4;
				MARKETING_VERSION = 1.0;
				PRODUCT_BUNDLE_IDENTIFIER = amaninajwa.ExpenseTrackerTests;
				PRODUCT_NAME = "$(TARGET_NAME)";
				SWIFT_EMIT_LOC_STRINGS = NO;
				SWIFT_VERSION = 5.0;
				TARGETED_DEVICE_FAMILY = "1,2";
				TEST_HOST = "$(BUILT_PRODUCTS_DIR)/ExpenseTracker.app/$(BUNDLE_EXECUTABLE_FOLDER_PATH)/ExpenseTracker";
			};
			name = Release;
		};
		832CE3452AE3F16C004E238B /* Debug */ = {
			isa = XCBuildConfiguration;
			buildSettings = {
				ALWAYS_EMBED_SWIFT_STANDARD_LIBRARIES = YES;
				CODE_SIGN_STYLE = Automatic;
				CURRENT_PROJECT_VERSION = 1;
				GENERATE_INFOPLIST_FILE = YES;
				MARKETING_VERSION = 1.0;
				PRODUCT_BUNDLE_IDENTIFIER = amaninajwa.ExpenseTrackerUITests;
				PRODUCT_NAME = "$(TARGET_NAME)";
				SWIFT_EMIT_LOC_STRINGS = NO;
				SWIFT_VERSION = 5.0;
				TARGETED_DEVICE_FAMILY = "1,2";
				TEST_TARGET_NAME = ExpenseTracker;
			};
			name = Debug;
		};
		832CE3462AE3F16C004E238B /* Release */ = {
			isa = XCBuildConfiguration;
			buildSettings = {
				ALWAYS_EMBED_SWIFT_STANDARD_LIBRARIES = YES;
				CODE_SIGN_STYLE = Automatic;
				CURRENT_PROJECT_VERSION = 1;
				GENERATE_INFOPLIST_FILE = YES;
				MARKETING_VERSION = 1.0;
				PRODUCT_BUNDLE_IDENTIFIER = amaninajwa.ExpenseTrackerUITests;
				PRODUCT_NAME = "$(TARGET_NAME)";
				SWIFT_EMIT_LOC_STRINGS = NO;
				SWIFT_VERSION = 5.0;
				TARGETED_DEVICE_FAMILY = "1,2";
				TEST_TARGET_NAME = ExpenseTracker;
			};
			name = Release;
		};
/* End XCBuildConfiguration section */

/* Begin XCConfigurationList section */
		832CE3152AE3F16B004E238B /* Build configuration list for PBXProject "ExpenseTracker" */ = {
			isa = XCConfigurationList;
			buildConfigurations = (
				832CE33C2AE3F16C004E238B /* Debug */,
				832CE33D2AE3F16C004E238B /* Release */,
			);
			defaultConfigurationIsVisible = 0;
			defaultConfigurationName = Release;
		};
		832CE33E2AE3F16C004E238B /* Build configuration list for PBXNativeTarget "ExpenseTracker" */ = {
			isa = XCConfigurationList;
			buildConfigurations = (
				832CE33F2AE3F16C004E238B /* Debug */,
				832CE3402AE3F16C004E238B /* Release */,
			);
			defaultConfigurationIsVisible = 0;
			defaultConfigurationName = Release;
		};
		832CE3412AE3F16C004E238B /* Build configuration list for PBXNativeTarget "ExpenseTrackerTests" */ = {
			isa = XCConfigurationList;
			buildConfigurations = (
				832CE3422AE3F16C004E238B /* Debug */,
				832CE3432AE3F16C004E238B /* Release */,
			);
			defaultConfigurationIsVisible = 0;
			defaultConfigurationName = Release;
		};
		832CE3442AE3F16C004E238B /* Build configuration list for PBXNativeTarget "ExpenseTrackerUITests" */ = {
			isa = XCConfigurationList;
			buildConfigurations = (
				832CE3452AE3F16C004E238B /* Debug */,
				832CE3462AE3F16C004E238B /* Release */,
			);
			defaultConfigurationIsVisible = 0;
			defaultConfigurationName = Release;
		};
/* End XCConfigurationList section */

/* Begin XCRemoteSwiftPackageReference section */
		832CE3472AE3F332004E238B /* XCRemoteSwiftPackageReference "SwiftUIFontIcon" */ = {
			isa = XCRemoteSwiftPackageReference;
			repositoryURL = "https://github.com/huybuidac/SwiftUIFontIcon";
			requirement = {
				branch = master;
				kind = branch;
			};
		};
		832CE3582AE4BE25004E238B /* XCRemoteSwiftPackageReference "swift-collections" */ = {
			isa = XCRemoteSwiftPackageReference;
			repositoryURL = "https://github.com/apple/swift-collections.git";
			requirement = {
				kind = upToNextMajorVersion;
				minimumVersion = 1.0.4;
			};
		};
		832CE35B2AE4BF94004E238B /* XCRemoteSwiftPackageReference "ChartView" */ = {
			isa = XCRemoteSwiftPackageReference;
			repositoryURL = "https://github.com/AppPear/ChartView";
			requirement = {
				kind = exactVersion;
				version = "2.0.0-beta.2";
			};
		};
/* End XCRemoteSwiftPackageReference section */

/* Begin XCSwiftPackageProductDependency section */
		832CE3482AE3F332004E238B /* SwiftUIFontIcon */ = {
			isa = XCSwiftPackageProductDependency;
			package = 832CE3472AE3F332004E238B /* XCRemoteSwiftPackageReference "SwiftUIFontIcon" */;
			productName = SwiftUIFontIcon;
		};
		832CE3592AE4BE25004E238B /* Collections */ = {
			isa = XCSwiftPackageProductDependency;
			package = 832CE3582AE4BE25004E238B /* XCRemoteSwiftPackageReference "swift-collections" */;
			productName = Collections;
		};
		832CE35C2AE4BF94004E238B /* SwiftUICharts */ = {
			isa = XCSwiftPackageProductDependency;
			package = 832CE35B2AE4BF94004E238B /* XCRemoteSwiftPackageReference "ChartView" */;
			productName = SwiftUICharts;
		};
/* End XCSwiftPackageProductDependency section */
	};
	rootObject = 832CE3122AE3F16B004E238B /* Project object */;
}
